
Microsoft Visual Studio Solution File, Format Version 12.00
# Visual Studio Version 17
VisualStudioVersion = 17.2.32616.157
MinimumVisualStudioVersion = 10.0.40219.1
Project("{FAE04EC0-301F-11D3-BF4B-00C04F79EFBC}") = "PromptShootingGame", "PromptShootingGame\PromptShootingGame.csproj", "{935BDF22-BBA5-4E8A-AEB7-FF4B732ABDD4}"
EndProject
Global
	GlobalSection(SolutionConfigurationPlatforms) = preSolution
		Debug|Any CPU = Debug|Any CPU
		Release|Any CPU = Release|Any CPU
	EndGlobalSection
	GlobalSection(ProjectConfigurationPlatforms) = postSolution
		{935BDF22-BBA5-4E8A-AEB7-FF4B732ABDD4}.Debug|Any CPU.ActiveCfg = Debug|Any CPU
		{935BDF22-BBA5-4E8A-AEB7-FF4B732ABDD4}.Debug|Any CPU.Build.0 = Debug|Any CPU
		{935BDF22-BBA5-4E8A-AEB7-FF4B732ABDD4}.Release|Any CPU.ActiveCfg = Release|Any CPU
		{935BDF22-BBA5-4E8A-AEB7-FF4B732ABDD4}.Release|Any CPU.Build.0 = Release|Any CPU
	EndGlobalSection
	GlobalSection(SolutionProperties) = preSolution
		HideSolutionNode = FALSE
	EndGlobalSection
	GlobalSection(ExtensibilityGlobals) = postSolution
		SolutionGuid = {648A5A8F-E661-4A3A-A067-FDAD5FE943A4}
	EndGlobalSection
EndGlobal
